
Microsoft Visual Studio Solution File, Format Version 12.00
# Visual Studio Version 17
VisualStudioVersion = 17.6.33815.320
MinimumVisualStudioVersion = 10.0.40219.1
Project("{9A19103F-16F7-4668-BE54-9A1E7A4F7556}") = "StreamDeckPluginTemplate", "StreamDeckPluginTemplate.csproj", "{055E6010-EFC4-4907-93D5-BCB6D398059A}"
EndProject
Global
	GlobalSection(SolutionConfigurationPlatforms) = preSolution
		Debug|Any CPU = Debug|Any CPU
		Release|Any CPU = Release|Any CPU
	EndGlobalSection
	GlobalSection(ProjectConfigurationPlatforms) = postSolution
		{055E6010-EFC4-4907-93D5-BCB6D398059A}.Debug|Any CPU.ActiveCfg = Debug|Any CPU
		{055E6010-EFC4-4907-93D5-BCB6D398059A}.Debug|Any CPU.Build.0 = Debug|Any CPU
		{055E6010-EFC4-4907-93D5-BCB6D398059A}.Release|Any CPU.ActiveCfg = Release|Any CPU
		{055E6010-EFC4-4907-93D5-BCB6D398059A}.Release|Any CPU.Build.0 = Release|Any CPU
	EndGlobalSection
	GlobalSection(SolutionProperties) = preSolution
		HideSolutionNode = FALSE
	EndGlobalSection
	GlobalSection(ExtensibilityGlobals) = postSolution
		SolutionGuid = {B2A7FAD0-C46B-4741-A7A3-3B407351E211}
	EndGlobalSection
EndGlobal
